
Microsoft Visual Studio Solution File, Format Version 12.00
# Visual Studio Version 17
VisualStudioVersion = 17.12.35707.178
MinimumVisualStudioVersion = 10.0.40219.1
Project("{FAE04EC0-301F-11D3-BF4B-00C04F79EFBC}") = "BG.GameServer", "BG.GameServer.csproj", "{9CCE79C7-FA1D-43ED-A534-58261603339F}"
EndProject
Project("{2150E333-8FDC-42A3-9474-1A3956D46DE8}") = "Share", "Share", "{72091F7C-1273-43DC-9CBB-49FFE324EC50}"
EndProject
Project("{FAE04EC0-301F-11D3-BF4B-00C04F79EFBC}") = "Protocol.GSAndClient", "..\..\Share\Protocol.GSAndClient\Protocol.GSAndClient.csproj", "{794634B8-67ED-4B04-94A2-F57DAF44AB97}"
EndProject
Global
	GlobalSection(SolutionConfigurationPlatforms) = preSolution
		Debug|Any CPU = Debug|Any CPU
		Release|Any CPU = Release|Any CPU
	EndGlobalSection
	GlobalSection(ProjectConfigurationPlatforms) = postSolution
		{9CCE79C7-FA1D-43ED-A534-58261603339F}.Debug|Any CPU.ActiveCfg = Debug|Any CPU
		{9CCE79C7-FA1D-43ED-A534-58261603339F}.Debug|Any CPU.Build.0 = Debug|Any CPU
		{9CCE79C7-FA1D-43ED-A534-58261603339F}.Release|Any CPU.ActiveCfg = Release|Any CPU
		{9CCE79C7-FA1D-43ED-A534-58261603339F}.Release|Any CPU.Build.0 = Release|Any CPU
		{794634B8-67ED-4B04-94A2-F57DAF44AB97}.Debug|Any CPU.ActiveCfg = Debug|Any CPU
		{794634B8-67ED-4B04-94A2-F57DAF44AB97}.Debug|Any CPU.Build.0 = Debug|Any CPU
		{794634B8-67ED-4B04-94A2-F57DAF44AB97}.Release|Any CPU.ActiveCfg = Release|Any CPU
		{794634B8-67ED-4B04-94A2-F57DAF44AB97}.Release|Any CPU.Build.0 = Release|Any CPU
	EndGlobalSection
	GlobalSection(SolutionProperties) = preSolution
		HideSolutionNode = FALSE
	EndGlobalSection
	GlobalSection(NestedProjects) = preSolution
		{794634B8-67ED-4B04-94A2-F57DAF44AB97} = {72091F7C-1273-43DC-9CBB-49FFE324EC50}
	EndGlobalSection
EndGlobal
